// !$*UTF8*$!
{
	archiveVersion = 1;
	classes = {
	};
	objectVersion = 46;
	objects = {

/* Begin PBXBuildFile section */
		65263CC81B5631A000660040 /* main.m in Sources */ = {isa = PBXBuildFile; fileRef = 65263CC71B5631A000660040 /* main.m */; };
		65263CCB1B5631A000660040 /* AppDelegate.m in Sources */ = {isa = PBXBuildFile; fileRef = 65263CCA1B5631A000660040 /* AppDelegate.m */; };
		65263CCE1B5631A000660040 /* ViewController.m in Sources */ = {isa = PBXBuildFile; fileRef = 65263CCD1B5631A000660040 /* ViewController.m */; };
		65263CD11B5631A000660040 /* Main.storyboard in Resources */ = {isa = PBXBuildFile; fileRef = 65263CCF1B5631A000660040 /* Main.storyboard */; };
		65263CD31B5631A000660040 /* Images.xcassets in Resources */ = {isa = PBXBuildFile; fileRef = 65263CD21B5631A000660040 /* Images.xcassets */; };
		65263CD61B5631A000660040 /* LaunchScreen.xib in Resources */ = {isa = PBXBuildFile; fileRef = 65263CD41B5631A000660040 /* LaunchScreen.xib */; };
		65263CE21B5631A000660040 /* __3_tabbedapplicaiton_singleTests.m in Sources */ = {isa = PBXBuildFile; fileRef = 65263CE11B5631A000660040 /* __3_tabbedapplicaiton_singleTests.m */; };
/* End PBXBuildFile section */

/* Begin PBXContainerItemProxy section */
		65263CDC1B5631A000660040 /* PBXContainerItemProxy */ = {
			isa = PBXContainerItemProxy;
			containerPortal = 65263CBA1B5631A000660040 /* Project object */;
			proxyType = 1;
			remoteGlobalIDString = 65263CC11B5631A000660040;
			remoteInfo = 2_3_tabbedapplicaiton_single;
		};
/* End PBXContainerItemProxy section */

/* Begin PBXFileReference section */
		65263CC21B5631A000660040 /* 2_3_tabbedapplicaiton_single.app */ = {isa = PBXFileReference; explicitFileType = wrapper.application; includeInIndex = 0; path = 2_3_tabbedapplicaiton_single.app; sourceTree = BUILT_PRODUCTS_DIR; };
		65263CC61B5631A000660040 /* Info.plist */ = {isa = PBXFileReference; lastKnownFileType = text.plist.xml; path = Info.plist; sourceTree = "<group>"; };
		65263CC71B5631A000660040 /* main.m */ = {isa = PBXFileReference; lastKnownFileType = sourcecode.c.objc; path = main.m; sourceTree = "<group>"; };
		65263CC91B5631A000660040 /* AppDelegate.h */ = {isa = PBXFileReference; lastKnownFileType = sourcecode.c.h; path = AppDelegate.h; sourceTree = "<group>"; };
		65263CCA1B5631A000660040 /* AppDelegate.m */ = {isa = PBXFileReference; lastKnownFileType = sourcecode.c.objc; path = AppDelegate.m; sourceTree = "<group>"; };
		65263CCC1B5631A000660040 /* ViewController.h */ = {isa = PBXFileReference; lastKnownFileType = sourcecode.c.h; path = ViewController.h; sourceTree = "<group>"; };
		65263CCD1B5631A000660040 /* ViewController.m */ = {isa = PBXFileReference; lastKnownFileType = sourcecode.c.objc; path = ViewController.m; sourceTree = "<group>"; };
		65263CD01B5631A000660040 /* Base */ = {isa = PBXFileReference; lastKnownFileType = file.storyboard; name = Base; path = Base.lproj/Main.storyboard; sourceTree = "<group>"; };
		65263CD21B5631A000660040 /* Images.xcassets */ = {isa = PBXFileReference; lastKnownFileType = folder.assetcatalog; path = Images.xcassets; sourceTree = "<group>"; };
		65263CD51B5631A000660040 /* Base */ = {isa = PBXFileReference; lastKnownFileType = file.xib; name = Base; path = Base.lproj/LaunchScreen.xib; sourceTree = "<group>"; };
		65263CDB1B5631A000660040 /* 2_3_tabbedapplicaiton_singleTests.xctest */ = {isa = PBXFileReference; explicitFileType = wrapper.cfbundle; includeInIndex = 0; path = 2_3_tabbedapplicaiton_singleTests.xctest; sourceTree = BUILT_PRODUCTS_DIR; };
		65263CE01B5631A000660040 /* Info.plist */ = {isa = PBXFileReference; lastKnownFileType = text.plist.xml; path = Info.plist; sourceTree = "<group>"; };
		65263CE11B5631A000660040 /* __3_tabbedapplicaiton_singleTests.m */ = {isa = PBXFileReference; lastKnownFileType = sourcecode.c.objc; path = __3_tabbedapplicaiton_singleTests.m; sourceTree = "<group>"; };
/* End PBXFileReference section */

/* Begin PBXFrameworksBuildPhase section */
		65263CBF1B5631A000660040 /* Frameworks */ = {
			isa = PBXFrameworksBuildPhase;
			buildActionMask = 2147483647;
			files = (
			);
			runOnlyForDeploymentPostprocessing = 0;
		};
		65263CD81B5631A000660040 /* Frameworks */ = {
			isa = PBXFrameworksBuildPhase;
			buildActionMask = 2147483647;
			files = (
			);
			runOnlyForDeploymentPostprocessing = 0;
		};
/* End PBXFrameworksBuildPhase section */

/* Begin PBXGroup section */
		65263CB91B5631A000660040 = {
			isa = PBXGroup;
			children = (
				65263CC41B5631A000660040 /* 2_3_tabbedapplicaiton_single */,
				65263CDE1B5631A000660040 /* 2_3_tabbedapplicaiton_singleTests */,
				65263CC31B5631A000660040 /* Products */,
			);
			sourceTree = "<group>";
		};
		65263CC31B5631A000660040 /* Products */ = {
			isa = PBXGroup;
			children = (
				65263CC21B5631A000660040 /* 2_3_tabbedapplicaiton_single.app */,
				65263CDB1B5631A000660040 /* 2_3_tabbedapplicaiton_singleTests.xctest */,
			);
			name = Products;
			sourceTree = "<group>";
		};
		65263CC41B5631A000660040 /* 2_3_tabbedapplicaiton_single */ = {
			isa = PBXGroup;
			children = (
				65263CC91B5631A000660040 /* AppDelegate.h */,
				65263CCA1B5631A000660040 /* AppDelegate.m */,
				65263CCC1B5631A000660040 /* ViewController.h */,
				65263CCD1B5631A000660040 /* ViewController.m */,
				65263CCF1B5631A000660040 /* Main.storyboard */,
				65263CD21B5631A000660040 /* Images.xcassets */,
				65263CD41B5631A000660040 /* LaunchScreen.xib */,
				65263CC51B5631A000660040 /* Supporting Files */,
			);
			path = 2_3_tabbedapplicaiton_single;
			sourceTree = "<group>";
		};
		65263CC51B5631A000660040 /* Supporting Files */ = {
			isa = PBXGroup;
			children = (
				65263CC61B5631A000660040 /* Info.plist */,
				65263CC71B5631A000660040 /* main.m */,
			);
			name = "Supporting Files";
			sourceTree = "<group>";
		};
		65263CDE1B5631A000660040 /* 2_3_tabbedapplicaiton_singleTests */ = {
			isa = PBXGroup;
			children = (
				65263CE11B5631A000660040 /* __3_tabbedapplicaiton_singleTests.m */,
				65263CDF1B5631A000660040 /* Supporting Files */,
			);
			path = 2_3_tabbedapplicaiton_singleTests;
			sourceTree = "<group>";
		};
		65263CDF1B5631A000660040 /* Supporting Files */ = {
			isa = PBXGroup;
			children = (
				65263CE01B5631A000660040 /* Info.plist */,
			);
			name = "Supporting Files";
			sourceTree = "<group>";
		};
/* End PBXGroup section */

/* Begin PBXNativeTarget section */
		65263CC11B5631A000660040 /* 2_3_tabbedapplicaiton_single */ = {
			isa = PBXNativeTarget;
			buildConfigurationList = 65263CE51B5631A000660040 /* Build configuration list for PBXNativeTarget "2_3_tabbedapplicaiton_single" */;
			buildPhases = (
				65263CBE1B5631A000660040 /* Sources */,
				65263CBF1B5631A000660040 /* Frameworks */,
				65263CC01B5631A000660040 /* Resources */,
			);
			buildRules = (
			);
			dependencies = (
			);
			name = 2_3_tabbedapplicaiton_single;
			productName = 2_3_tabbedapplicaiton_single;
			productReference = 65263CC21B5631A000660040 /* 2_3_tabbedapplicaiton_single.app */;
			productType = "com.apple.product-type.application";
		};
		65263CDA1B5631A000660040 /* 2_3_tabbedapplicaiton_singleTests */ = {
			isa = PBXNativeTarget;
			buildConfigurationList = 65263CE81B5631A000660040 /* Build configuration list for PBXNativeTarget "2_3_tabbedapplicaiton_singleTests" */;
			buildPhases = (
				65263CD71B5631A000660040 /* Sources */,
				65263CD81B5631A000660040 /* Frameworks */,
				65263CD91B5631A000660040 /* Resources */,
			);
			buildRules = (
			);
			dependencies = (
				65263CDD1B5631A000660040 /* PBXTargetDependency */,
			);
			name = 2_3_tabbedapplicaiton_singleTests;
			productName = 2_3_tabbedapplicaiton_singleTests;
			productReference = 65263CDB1B5631A000660040 /* 2_3_tabbedapplicaiton_singleTests.xctest */;
			productType = "com.apple.product-type.bundle.unit-test";
		};
/* End PBXNativeTarget section */

/* Begin PBXProject section */
		65263CBA1B5631A000660040 /* Project object */ = {
			isa = PBXProject;
			attributes = {
				LastUpgradeCheck = 0620;
				ORGANIZATIONNAME = "Shinya Hirai";
				TargetAttributes = {
					65263CC11B5631A000660040 = {
						CreatedOnToolsVersion = 6.2;
					};
					65263CDA1B5631A000660040 = {
						CreatedOnToolsVersion = 6.2;
						TestTargetID = 65263CC11B5631A000660040;
					};
				};
			};
			buildConfigurationList = 65263CBD1B5631A000660040 /* Build configuration list for PBXProject "2_3_tabbedapplicaiton_single" */;
			compatibilityVersion = "Xcode 3.2";
			developmentRegion = English;
			hasScannedForEncodings = 0;
			knownRegions = (
				en,
				Base,
			);
			mainGroup = 65263CB91B5631A000660040;
			productRefGroup = 65263CC31B5631A000660040 /* Products */;
			projectDirPath = "";
			projectRoot = "";
			targets = (
				65263CC11B5631A000660040 /* 2_3_tabbedapplicaiton_single */,
				65263CDA1B5631A000660040 /* 2_3_tabbedapplicaiton_singleTests */,
			);
		};
/* End PBXProject section */

/* Begin PBXResourcesBuildPhase section */
		65263CC01B5631A000660040 /* Resources */ = {
			isa = PBXResourcesBuildPhase;
			buildActionMask = 2147483647;
			files = (
				65263CD11B5631A000660040 /* Main.storyboard in Resources */,
				65263CD61B5631A000660040 /* LaunchScreen.xib in Resources */,
				65263CD31B5631A000660040 /* Images.xcassets in Resources */,
			);
			runOnlyForDeploymentPostprocessing = 0;
		};
		65263CD91B5631A000660040 /* Resources */ = {
			isa = PBXResourcesBuildPhase;
			buildActionMask = 2147483647;
			files = (
			);
			runOnlyForDeploymentPostprocessing = 0;
		};
/* End PBXResourcesBuildPhase section */

/* Begin PBXSourcesBuildPhase section */
		65263CBE1B5631A000660040 /* Sources */ = {
			isa = PBXSourcesBuildPhase;
			buildActionMask = 2147483647;
			files = (
				65263CCE1B5631A000660040 /* ViewController.m in Sources */,
				65263CCB1B5631A000660040 /* AppDelegate.m in Sources */,
				65263CC81B5631A000660040 /* main.m in Sources */,
			);
			runOnlyForDeploymentPostprocessing = 0;
		};
		65263CD71B5631A000660040 /* Sources */ = {
			isa = PBXSourcesBuildPhase;
			buildActionMask = 2147483647;
			files = (
				65263CE21B5631A000660040 /* __3_tabbedapplicaiton_singleTests.m in Sources */,
			);
			runOnlyForDeploymentPostprocessing = 0;
		};
/* End PBXSourcesBuildPhase section */

/* Begin PBXTargetDependency section */
		65263CDD1B5631A000660040 /* PBXTargetDependency */ = {
			isa = PBXTargetDependency;
			target = 65263CC11B5631A000660040 /* 2_3_tabbedapplicaiton_single */;
			targetProxy = 65263CDC1B5631A000660040 /* PBXContainerItemProxy */;
		};
/* End PBXTargetDependency section */

/* Begin PBXVariantGroup section */
		65263CCF1B5631A000660040 /* Main.storyboard */ = {
			isa = PBXVariantGroup;
			children = (
				65263CD01B5631A000660040 /* Base */,
			);
			name = Main.storyboard;
			sourceTree = "<group>";
		};
		65263CD41B5631A000660040 /* LaunchScreen.xib */ = {
			isa = PBXVariantGroup;
			children = (
				65263CD51B5631A000660040 /* Base */,
			);
			name = LaunchScreen.xib;
			sourceTree = "<group>";
		};
/* End PBXVariantGroup section */

/* Begin XCBuildConfiguration section */
		65263CE31B5631A000660040 /* Debug */ = {
			isa = XCBuildConfiguration;
			buildSettings = {
				ALWAYS_SEARCH_USER_PATHS = NO;
				CLANG_CXX_LANGUAGE_STANDARD = "gnu++0x";
				CLANG_CXX_LIBRARY = "libc++";
				CLANG_ENABLE_MODULES = YES;
				CLANG_ENABLE_OBJC_ARC = YES;
				CLANG_WARN_BOOL_CONVERSION = YES;
				CLANG_WARN_CONSTANT_CONVERSION = YES;
				CLANG_WARN_DIRECT_OBJC_ISA_USAGE = YES_ERROR;
				CLANG_WARN_EMPTY_BODY = YES;
				CLANG_WARN_ENUM_CONVERSION = YES;
				CLANG_WARN_INT_CONVERSION = YES;
				CLANG_WARN_OBJC_ROOT_CLASS = YES_ERROR;
				CLANG_WARN_UNREACHABLE_CODE = YES;
				CLANG_WARN__DUPLICATE_METHOD_MATCH = YES;
				"CODE_SIGN_IDENTITY[sdk=iphoneos*]" = "iPhone Developer";
				COPY_PHASE_STRIP = NO;
				ENABLE_STRICT_OBJC_MSGSEND = YES;
				GCC_C_LANGUAGE_STANDARD = gnu99;
				GCC_DYNAMIC_NO_PIC = NO;
				GCC_OPTIMIZATION_LEVEL = 0;
				GCC_PREPROCESSOR_DEFINITIONS = (
					"DEBUG=1",
					"$(inherited)",
				);
				GCC_SYMBOLS_PRIVATE_EXTERN = NO;
				GCC_WARN_64_TO_32_BIT_CONVERSION = YES;
				GCC_WARN_ABOUT_RETURN_TYPE = YES_ERROR;
				GCC_WARN_UNDECLARED_SELECTOR = YES;
				GCC_WARN_UNINITIALIZED_AUTOS = YES_AGGRESSIVE;
				GCC_WARN_UNUSED_FUNCTION = YES;
				GCC_WARN_UNUSED_VARIABLE = YES;
				IPHONEOS_DEPLOYMENT_TARGET = 8.2;
				MTL_ENABLE_DEBUG_INFO = YES;
				ONLY_ACTIVE_ARCH = YES;
				SDKROOT = iphoneos;
			};
			name = Debug;
		};
		65263CE41B5631A000660040 /* Release */ = {
			isa = XCBuildConfiguration;
			buildSettings = {
				ALWAYS_SEARCH_USER_PATHS = NO;
				CLANG_CXX_LANGUAGE_STANDARD = "gnu++0x";
				CLANG_CXX_LIBRARY = "libc++";
				CLANG_ENABLE_MODULES = YES;
				CLANG_ENABLE_OBJC_ARC = YES;
				CLANG_WARN_BOOL_CONVERSION = YES;
				CLANG_WARN_CONSTANT_CONVERSION = YES;
				CLANG_WARN_DIRECT_OBJC_ISA_USAGE = YES_ERROR;
				CLANG_WARN_EMPTY_BODY = YES;
				CLANG_WARN_ENUM_CONVERSION = YES;
				CLANG_WARN_INT_CONVERSION = YES;
				CLANG_WARN_OBJC_ROOT_CLASS = YES_ERROR;
				CLANG_WARN_UNREACHABLE_CODE = YES;
				CLANG_WARN__DUPLICATE_METHOD_MATCH = YES;
				"CODE_SIGN_IDENTITY[sdk=iphoneos*]" = "iPhone Developer";
				COPY_PHASE_STRIP = NO;
				ENABLE_NS_ASSERTIONS = NO;
				ENABLE_STRICT_OBJC_MSGSEND = YES;
				GCC_C_LANGUAGE_STANDARD = gnu99;
				GCC_WARN_64_TO_32_BIT_CONVERSION = YES;
				GCC_WARN_ABOUT_RETURN_TYPE = YES_ERROR;
				GCC_WARN_UNDECLARED_SELECTOR = YES;
				GCC_WARN_UNINITIALIZED_AUTOS = YES_AGGRESSIVE;
				GCC_WARN_UNUSED_FUNCTION = YES;
				GCC_WARN_UNUSED_VARIABLE = YES;
				IPHONEOS_DEPLOYMENT_TARGET = 8.2;
				MTL_ENABLE_DEBUG_INFO = NO;
				SDKROOT = iphoneos;
				VALIDATE_PRODUCT = YES;
			};
			name = Release;
		};
		65263CE61B5631A000660040 /* Debug */ = {
			isa = XCBuildConfiguration;
			buildSettings = {
				ASSETCATALOG_COMPILER_APPICON_NAME = AppIcon;
				INFOPLIST_FILE = 2_3_tabbedapplicaiton_single/Info.plist;
				LD_RUNPATH_SEARCH_PATHS = "$(inherited) @executable_path/Frameworks";
				PRODUCT_NAME = "$(TARGET_NAME)";
			};
			name = Debug;
		};
		65263CE71B5631A000660040 /* Release */ = {
			isa = XCBuildConfiguration;
			buildSettings = {
				ASSETCATALOG_COMPILER_APPICON_NAME = AppIcon;
				INFOPLIST_FILE = 2_3_tabbedapplicaiton_single/Info.plist;
				LD_RUNPATH_SEARCH_PATHS = "$(inherited) @executable_path/Frameworks";
				PRODUCT_NAME = "$(TARGET_NAME)";
			};
			name = Release;
		};
		65263CE91B5631A000660040 /* Debug */ = {
			isa = XCBuildConfiguration;
			buildSettings = {
				BUNDLE_LOADER = "$(TEST_HOST)";
				FRAMEWORK_SEARCH_PATHS = (
					"$(SDKROOT)/Developer/Library/Frameworks",
					"$(inherited)",
				);
				GCC_PREPROCESSOR_DEFINITIONS = (
					"DEBUG=1",
					"$(inherited)",
				);
				INFOPLIST_FILE = 2_3_tabbedapplicaiton_singleTests/Info.plist;
				LD_RUNPATH_SEARCH_PATHS = "$(inherited) @executable_path/Frameworks @loader_path/Frameworks";
				PRODUCT_NAME = "$(TARGET_NAME)";
				TEST_HOST = "$(BUILT_PRODUCTS_DIR)/2_3_tabbedapplicaiton_single.app/2_3_tabbedapplicaiton_single";
			};
			name = Debug;
		};
		65263CEA1B5631A000660040 /* Release */ = {
			isa = XCBuildConfiguration;
			buildSettings = {
				BUNDLE_LOADER = "$(TEST_HOST)";
				FRAMEWORK_SEARCH_PATHS = (
					"$(SDKROOT)/Developer/Library/Frameworks",
					"$(inherited)",
				);
				INFOPLIST_FILE = 2_3_tabbedapplicaiton_singleTests/Info.plist;
				LD_RUNPATH_SEARCH_PATHS = "$(inherited) @executable_path/Frameworks @loader_path/Frameworks";
				PRODUCT_NAME = "$(TARGET_NAME)";
				TEST_HOST = "$(BUILT_PRODUCTS_DIR)/2_3_tabbedapplicaiton_single.app/2_3_tabbedapplicaiton_single";
			};
			name = Release;
		};
/* End XCBuildConfiguration section */

/* Begin XCConfigurationList section */
		65263CBD1B5631A000660040 /* Build configuration list for PBXProject "2_3_tabbedapplicaiton_single" */ = {
			isa = XCConfigurationList;
			buildConfigurations = (
				65263CE31B5631A000660040 /* Debug */,
				65263CE41B5631A000660040 /* Release */,
			);
			defaultConfigurationIsVisible = 0;
			defaultConfigurationName = Release;
		};
		65263CE51B5631A000660040 /* Build configuration list for PBXNativeTarget "2_3_tabbedapplicaiton_single" */ = {
			isa = XCConfigurationList;
			buildConfigurations = (
				65263CE61B5631A000660040 /* Debug */,
				65263CE71B5631A000660040 /* Release */,
			);
			defaultConfigurationIsVisible = 0;
		};
		65263CE81B5631A000660040 /* Build configuration list for PBXNativeTarget "2_3_tabbedapplicaiton_singleTests" */ = {
			isa = XCConfigurationList;
			buildConfigurations = (
				65263CE91B5631A000660040 /* Debug */,
				65263CEA1B5631A000660040 /* Release */,
			);
			defaultConfigurationIsVisible = 0;
		};
/* End XCConfigurationList section */
	};
	rootObject = 65263CBA1B5631A000660040 /* Project object */;
}
